
Microsoft Visual Studio Solution File, Format Version 12.00
# Visual Studio Version 17
VisualStudioVersion = 17.13.35919.96 d17.13
MinimumVisualStudioVersion = 10.0.40219.1
Project("{FAE04EC0-301F-11D3-BF4B-00C04F79EFBC}") = "Authn&Authz.WebApp", "Authn&Authz.WebApp\Authn&Authz.WebApp.csproj", "{8AD5192C-A9D8-484F-B8BA-0D424B3B45E7}"
EndProject
Global
	GlobalSection(SolutionConfigurationPlatforms) = preSolution
		Debug|Any CPU = Debug|Any CPU
		Release|Any CPU = Release|Any CPU
	EndGlobalSection
	GlobalSection(ProjectConfigurationPlatforms) = postSolution
		{8AD5192C-A9D8-484F-B8BA-0D424B3B45E7}.Debug|Any CPU.ActiveCfg = Debug|Any CPU
		{8AD5192C-A9D8-484F-B8BA-0D424B3B45E7}.Debug|Any CPU.Build.0 = Debug|Any CPU
		{8AD5192C-A9D8-484F-B8BA-0D424B3B45E7}.Release|Any CPU.ActiveCfg = Release|Any CPU
		{8AD5192C-A9D8-484F-B8BA-0D424B3B45E7}.Release|Any CPU.Build.0 = Release|Any CPU
	EndGlobalSection
	GlobalSection(SolutionProperties) = preSolution
		HideSolutionNode = FALSE
	EndGlobalSection
	GlobalSection(ExtensibilityGlobals) = postSolution
		SolutionGuid = {6C3B5EEF-1275-47CA-99B5-DFD458606AAF}
	EndGlobalSection
EndGlobal
